
Microsoft Visual Studio Solution File, Format Version 12.00
# Visual Studio Version 17
VisualStudioVersion = 17.11.35222.181
MinimumVisualStudioVersion = 10.0.40219.1
Project("{9A19103F-16F7-4668-BE54-9A1E7A4F7556}") = "FarmTradeEntity", "FarmTradeEntity\FarmTradeEntity.csproj", "{B2596561-B9C8-4563-8596-A845825AB215}"
EndProject
Project("{9A19103F-16F7-4668-BE54-9A1E7A4F7556}") = "FarmTradeDataLayer", "FarmTradeDataLayer\FarmTradeDataLayer.csproj", "{42C71C51-4603-44F0-B2DE-B572E40C4FC9}"
EndProject
Project("{9A19103F-16F7-4668-BE54-9A1E7A4F7556}") = "FarmBusiness", "FarmBusiness\FarmBusiness.csproj", "{41471976-04B8-498A-B788-F87195DEA9AC}"
EndProject
Project("{9A19103F-16F7-4668-BE54-9A1E7A4F7556}") = "FarmApi", "FarmApi\FarmApi.csproj", "{83F7C0B4-FC00-4698-BA01-D0EC8250DE7B}"
EndProject
Project("{9A19103F-16F7-4668-BE54-9A1E7A4F7556}") = "GraphQlPractice", "GraphQlPractice\GraphQlPractice.csproj", "{D64C2AF2-AED2-4C4D-9BF9-328114B266B5}"
EndProject
Project("{9A19103F-16F7-4668-BE54-9A1E7A4F7556}") = "string learning", "string learning\string learning.csproj", "{82F29B18-663F-49D5-9A9E-17CAB3F89536}"
EndProject
Project("{9A19103F-16F7-4668-BE54-9A1E7A4F7556}") = "mvc practice", "mvc practice\mvc practice.csproj", "{8BC19022-F72E-42BF-BD8C-5A023FA8034A}"
EndProject
Project("{9A19103F-16F7-4668-BE54-9A1E7A4F7556}") = "razorpractice", "razorpractice\razorpractice.csproj", "{77E941E7-5FD4-48BD-9C0A-F7E4D1B72550}"
EndProject
Project("{2150E333-8FDC-42A3-9474-1A3956D46DE8}") = "Solution Items", "Solution Items", "{D1DED693-1682-4CB5-9B3B-01DC47677576}"
	ProjectSection(SolutionItems) = preProject
		.editorconfig = .editorconfig
	EndProjectSection
EndProject
Project("{9A19103F-16F7-4668-BE54-9A1E7A4F7556}") = "FarmProject", "FarmProject\FarmProject.csproj", "{D6A76795-BD4A-4489-87DF-A2B92B11933E}"
EndProject
Project("{FAE04EC0-301F-11D3-BF4B-00C04F79EFBC}") = "webappsamplemvc", "webappsamplemvc\webappsamplemvc.csproj", "{2FB056DF-CA79-40B4-9E73-421A738E7772}"
EndProject
Project("{9A19103F-16F7-4668-BE54-9A1E7A4F7556}") = "praveen", "praveen\praveen.csproj", "{2FB3E1C7-F783-4CD5-B4EF-994E95A76F2B}"
EndProject
Project("{FAE04EC0-301F-11D3-BF4B-00C04F79EFBC}") = "FarmDto", "FarmDto\FarmDto.csproj", "{5FB541B2-FC28-4BD3-ABE1-5CAF38D0415F}"
EndProject
Global
	GlobalSection(SolutionConfigurationPlatforms) = preSolution
		Debug|Any CPU = Debug|Any CPU
		Release|Any CPU = Release|Any CPU
	EndGlobalSection
	GlobalSection(ProjectConfigurationPlatforms) = postSolution
		{B2596561-B9C8-4563-8596-A845825AB215}.Debug|Any CPU.ActiveCfg = Debug|Any CPU
		{B2596561-B9C8-4563-8596-A845825AB215}.Debug|Any CPU.Build.0 = Debug|Any CPU
		{B2596561-B9C8-4563-8596-A845825AB215}.Release|Any CPU.ActiveCfg = Release|Any CPU
		{B2596561-B9C8-4563-8596-A845825AB215}.Release|Any CPU.Build.0 = Release|Any CPU
		{42C71C51-4603-44F0-B2DE-B572E40C4FC9}.Debug|Any CPU.ActiveCfg = Debug|Any CPU
		{42C71C51-4603-44F0-B2DE-B572E40C4FC9}.Debug|Any CPU.Build.0 = Debug|Any CPU
		{42C71C51-4603-44F0-B2DE-B572E40C4FC9}.Release|Any CPU.ActiveCfg = Release|Any CPU
		{42C71C51-4603-44F0-B2DE-B572E40C4FC9}.Release|Any CPU.Build.0 = Release|Any CPU
		{41471976-04B8-498A-B788-F87195DEA9AC}.Debug|Any CPU.ActiveCfg = Debug|Any CPU
		{41471976-04B8-498A-B788-F87195DEA9AC}.Debug|Any CPU.Build.0 = Debug|Any CPU
		{41471976-04B8-498A-B788-F87195DEA9AC}.Release|Any CPU.ActiveCfg = Release|Any CPU
		{41471976-04B8-498A-B788-F87195DEA9AC}.Release|Any CPU.Build.0 = Release|Any CPU
		{83F7C0B4-FC00-4698-BA01-D0EC8250DE7B}.Debug|Any CPU.ActiveCfg = Debug|Any CPU
		{83F7C0B4-FC00-4698-BA01-D0EC8250DE7B}.Debug|Any CPU.Build.0 = Debug|Any CPU
		{83F7C0B4-FC00-4698-BA01-D0EC8250DE7B}.Release|Any CPU.ActiveCfg = Release|Any CPU
		{83F7C0B4-FC00-4698-BA01-D0EC8250DE7B}.Release|Any CPU.Build.0 = Release|Any CPU
		{D64C2AF2-AED2-4C4D-9BF9-328114B266B5}.Debug|Any CPU.ActiveCfg = Debug|Any CPU
		{D64C2AF2-AED2-4C4D-9BF9-328114B266B5}.Debug|Any CPU.Build.0 = Debug|Any CPU
		{D64C2AF2-AED2-4C4D-9BF9-328114B266B5}.Release|Any CPU.ActiveCfg = Release|Any CPU
		{D64C2AF2-AED2-4C4D-9BF9-328114B266B5}.Release|Any CPU.Build.0 = Release|Any CPU
		{82F29B18-663F-49D5-9A9E-17CAB3F89536}.Debug|Any CPU.ActiveCfg = Debug|Any CPU
		{82F29B18-663F-49D5-9A9E-17CAB3F89536}.Debug|Any CPU.Build.0 = Debug|Any CPU
		{82F29B18-663F-49D5-9A9E-17CAB3F89536}.Release|Any CPU.ActiveCfg = Release|Any CPU
		{82F29B18-663F-49D5-9A9E-17CAB3F89536}.Release|Any CPU.Build.0 = Release|Any CPU
		{8BC19022-F72E-42BF-BD8C-5A023FA8034A}.Debug|Any CPU.ActiveCfg = Debug|Any CPU
		{8BC19022-F72E-42BF-BD8C-5A023FA8034A}.Debug|Any CPU.Build.0 = Debug|Any CPU
		{8BC19022-F72E-42BF-BD8C-5A023FA8034A}.Release|Any CPU.ActiveCfg = Release|Any CPU
		{8BC19022-F72E-42BF-BD8C-5A023FA8034A}.Release|Any CPU.Build.0 = Release|Any CPU
		{77E941E7-5FD4-48BD-9C0A-F7E4D1B72550}.Debug|Any CPU.ActiveCfg = Debug|Any CPU
		{77E941E7-5FD4-48BD-9C0A-F7E4D1B72550}.Debug|Any CPU.Build.0 = Debug|Any CPU
		{77E941E7-5FD4-48BD-9C0A-F7E4D1B72550}.Release|Any CPU.ActiveCfg = Release|Any CPU
		{77E941E7-5FD4-48BD-9C0A-F7E4D1B72550}.Release|Any CPU.Build.0 = Release|Any CPU
		{D6A76795-BD4A-4489-87DF-A2B92B11933E}.Debug|Any CPU.ActiveCfg = Debug|Any CPU
		{D6A76795-BD4A-4489-87DF-A2B92B11933E}.Debug|Any CPU.Build.0 = Debug|Any CPU
		{D6A76795-BD4A-4489-87DF-A2B92B11933E}.Release|Any CPU.ActiveCfg = Release|Any CPU
		{D6A76795-BD4A-4489-87DF-A2B92B11933E}.Release|Any CPU.Build.0 = Release|Any CPU
		{2FB056DF-CA79-40B4-9E73-421A738E7772}.Debug|Any CPU.ActiveCfg = Debug|Any CPU
		{2FB056DF-CA79-40B4-9E73-421A738E7772}.Debug|Any CPU.Build.0 = Debug|Any CPU
		{2FB056DF-CA79-40B4-9E73-421A738E7772}.Release|Any CPU.ActiveCfg = Release|Any CPU
		{2FB056DF-CA79-40B4-9E73-421A738E7772}.Release|Any CPU.Build.0 = Release|Any CPU
		{2FB3E1C7-F783-4CD5-B4EF-994E95A76F2B}.Debug|Any CPU.ActiveCfg = Debug|Any CPU
		{2FB3E1C7-F783-4CD5-B4EF-994E95A76F2B}.Debug|Any CPU.Build.0 = Debug|Any CPU
		{2FB3E1C7-F783-4CD5-B4EF-994E95A76F2B}.Release|Any CPU.ActiveCfg = Release|Any CPU
		{2FB3E1C7-F783-4CD5-B4EF-994E95A76F2B}.Release|Any CPU.Build.0 = Release|Any CPU
		{5FB541B2-FC28-4BD3-ABE1-5CAF38D0415F}.Debug|Any CPU.ActiveCfg = Debug|Any CPU
		{5FB541B2-FC28-4BD3-ABE1-5CAF38D0415F}.Debug|Any CPU.Build.0 = Debug|Any CPU
		{5FB541B2-FC28-4BD3-ABE1-5CAF38D0415F}.Release|Any CPU.ActiveCfg = Release|Any CPU
		{5FB541B2-FC28-4BD3-ABE1-5CAF38D0415F}.Release|Any CPU.Build.0 = Release|Any CPU
	EndGlobalSection
	GlobalSection(SolutionProperties) = preSolution
		HideSolutionNode = FALSE
	EndGlobalSection
	GlobalSection(ExtensibilityGlobals) = postSolution
		SolutionGuid = {8E114B80-C0F7-4571-8BDE-40FBA4B2FC4E}
	EndGlobalSection
EndGlobal
